
Microsoft Visual Studio Solution File, Format Version 12.00
Project("{FAE04EC0-301F-11D3-BF4B-00C04F79EFBC}") = "AdvancedDataStructures.Trees", "src\AdvancedDataStructures.Trees\AdvancedDataStructures.Trees.csproj", "{95A37182-F58D-46F8-8AF6-D407D5DE0EE8}"
EndProject
Project("{FAE04EC0-301F-11D3-BF4B-00C04F79EFBC}") = "AdvancedDataStructures.Tests", "tests\AdvancedDataStructures.Tests\AdvancedDataStructures.Tests.csproj", "{460EC157-DBF0-449D-A574-211DE313D3ED}"
EndProject
Project("{FAE04EC0-301F-11D3-BF4B-00C04F79EFBC}") = "AdvancedDataStructures.Lookups", "AdvancedDataStructures.Lookups\AdvancedDataStructures.Lookups.csproj", "{5B90990E-326B-4E00-9DB8-6F72223E8687}"
EndProject
Project("{FAE04EC0-301F-11D3-BF4B-00C04F79EFBC}") = "AdvancedDataStructures.RangeQueries", "AdvancedDataStructures.RangeQueries\AdvancedDataStructures.RangeQueries.csproj", "{D298CDF6-0ECD-4939-8D62-227EDB9FDD7D}"
EndProject
Project("{FAE04EC0-301F-11D3-BF4B-00C04F79EFBC}") = "AdvancedDataStructures.Graphs", "AdvancedDataStructures.Graphs\AdvancedDataStructures.Graphs.csproj", "{C09FD7A5-1A44-4CD1-8B44-8F8E60967B91}"
EndProject
Project("{FAE04EC0-301F-11D3-BF4B-00C04F79EFBC}") = "AdvancedDataStructures.Heaps", "AdvancedDataStructures.Heaps\AdvancedDataStructures.Heaps.csproj", "{E2A540BB-012E-4C9E-847A-19E3A54916F3}"
EndProject
Project("{FAE04EC0-301F-11D3-BF4B-00C04F79EFBC}") = "AdvancedDataStructures.Probabilistic", "AdvancedDataStructures.Probabilistic\AdvancedDataStructures.Probabilistic.csproj", "{F8DAE1DB-6A58-4851-AD9D-5CEB3D0D4AB2}"
EndProject
Project("{FAE04EC0-301F-11D3-BF4B-00C04F79EFBC}") = "AdvancedDataStructures.DisjointSets", "AdvancedDataStructures.DisjointSets\AdvancedDataStructures.DisjointSets.csproj", "{555A3FA8-D6FC-4B89-92C2-C80F74D75C73}"
EndProject
Project("{FAE04EC0-301F-11D3-BF4B-00C04F79EFBC}") = "AdvancedDataStructures.Hybrids", "AdvancedDataStructures.Hybrids\AdvancedDataStructures.Hybrids.csproj", "{D06E3205-6D30-4E42-A754-8029FCD9ABF3}"
EndProject
Global
	GlobalSection(SolutionConfigurationPlatforms) = preSolution
		Debug|Any CPU = Debug|Any CPU
		Release|Any CPU = Release|Any CPU
	EndGlobalSection
	GlobalSection(ProjectConfigurationPlatforms) = postSolution
		{95A37182-F58D-46F8-8AF6-D407D5DE0EE8}.Debug|Any CPU.ActiveCfg = Debug|Any CPU
		{95A37182-F58D-46F8-8AF6-D407D5DE0EE8}.Debug|Any CPU.Build.0 = Debug|Any CPU
		{95A37182-F58D-46F8-8AF6-D407D5DE0EE8}.Release|Any CPU.ActiveCfg = Release|Any CPU
		{95A37182-F58D-46F8-8AF6-D407D5DE0EE8}.Release|Any CPU.Build.0 = Release|Any CPU
		{460EC157-DBF0-449D-A574-211DE313D3ED}.Debug|Any CPU.ActiveCfg = Debug|Any CPU
		{460EC157-DBF0-449D-A574-211DE313D3ED}.Debug|Any CPU.Build.0 = Debug|Any CPU
		{460EC157-DBF0-449D-A574-211DE313D3ED}.Release|Any CPU.ActiveCfg = Release|Any CPU
		{460EC157-DBF0-449D-A574-211DE313D3ED}.Release|Any CPU.Build.0 = Release|Any CPU
		{5B90990E-326B-4E00-9DB8-6F72223E8687}.Debug|Any CPU.ActiveCfg = Debug|Any CPU
		{5B90990E-326B-4E00-9DB8-6F72223E8687}.Debug|Any CPU.Build.0 = Debug|Any CPU
		{5B90990E-326B-4E00-9DB8-6F72223E8687}.Release|Any CPU.ActiveCfg = Release|Any CPU
		{5B90990E-326B-4E00-9DB8-6F72223E8687}.Release|Any CPU.Build.0 = Release|Any CPU
		{D298CDF6-0ECD-4939-8D62-227EDB9FDD7D}.Debug|Any CPU.ActiveCfg = Debug|Any CPU
		{D298CDF6-0ECD-4939-8D62-227EDB9FDD7D}.Debug|Any CPU.Build.0 = Debug|Any CPU
		{D298CDF6-0ECD-4939-8D62-227EDB9FDD7D}.Release|Any CPU.ActiveCfg = Release|Any CPU
		{D298CDF6-0ECD-4939-8D62-227EDB9FDD7D}.Release|Any CPU.Build.0 = Release|Any CPU
		{C09FD7A5-1A44-4CD1-8B44-8F8E60967B91}.Debug|Any CPU.ActiveCfg = Debug|Any CPU
		{C09FD7A5-1A44-4CD1-8B44-8F8E60967B91}.Debug|Any CPU.Build.0 = Debug|Any CPU
		{C09FD7A5-1A44-4CD1-8B44-8F8E60967B91}.Release|Any CPU.ActiveCfg = Release|Any CPU
		{C09FD7A5-1A44-4CD1-8B44-8F8E60967B91}.Release|Any CPU.Build.0 = Release|Any CPU
		{E2A540BB-012E-4C9E-847A-19E3A54916F3}.Debug|Any CPU.ActiveCfg = Debug|Any CPU
		{E2A540BB-012E-4C9E-847A-19E3A54916F3}.Debug|Any CPU.Build.0 = Debug|Any CPU
		{E2A540BB-012E-4C9E-847A-19E3A54916F3}.Release|Any CPU.ActiveCfg = Release|Any CPU
		{E2A540BB-012E-4C9E-847A-19E3A54916F3}.Release|Any CPU.Build.0 = Release|Any CPU
		{F8DAE1DB-6A58-4851-AD9D-5CEB3D0D4AB2}.Debug|Any CPU.ActiveCfg = Debug|Any CPU
		{F8DAE1DB-6A58-4851-AD9D-5CEB3D0D4AB2}.Debug|Any CPU.Build.0 = Debug|Any CPU
		{F8DAE1DB-6A58-4851-AD9D-5CEB3D0D4AB2}.Release|Any CPU.ActiveCfg = Release|Any CPU
		{F8DAE1DB-6A58-4851-AD9D-5CEB3D0D4AB2}.Release|Any CPU.Build.0 = Release|Any CPU
		{555A3FA8-D6FC-4B89-92C2-C80F74D75C73}.Debug|Any CPU.ActiveCfg = Debug|Any CPU
		{555A3FA8-D6FC-4B89-92C2-C80F74D75C73}.Debug|Any CPU.Build.0 = Debug|Any CPU
		{555A3FA8-D6FC-4B89-92C2-C80F74D75C73}.Release|Any CPU.ActiveCfg = Release|Any CPU
		{555A3FA8-D6FC-4B89-92C2-C80F74D75C73}.Release|Any CPU.Build.0 = Release|Any CPU
		{D06E3205-6D30-4E42-A754-8029FCD9ABF3}.Debug|Any CPU.ActiveCfg = Debug|Any CPU
		{D06E3205-6D30-4E42-A754-8029FCD9ABF3}.Debug|Any CPU.Build.0 = Debug|Any CPU
		{D06E3205-6D30-4E42-A754-8029FCD9ABF3}.Release|Any CPU.ActiveCfg = Release|Any CPU
		{D06E3205-6D30-4E42-A754-8029FCD9ABF3}.Release|Any CPU.Build.0 = Release|Any CPU
	EndGlobalSection
EndGlobal
